
Microsoft Visual Studio Solution File, Format Version 12.00
# Visual Studio Version 16
VisualStudioVersion = 16.0.30128.74
MinimumVisualStudioVersion = 10.0.40219.1
Project("{FAE04EC0-301F-11D3-BF4B-00C04F79EFBC}") = "ProSuite.Commons.Essentials", "ProSuite.Commons.Essentials\ProSuite.Commons.Essentials.csproj", "{384763D9-F7A1-4AA2-9ABD-EE338CD8D4C1}"
EndProject
Project("{FAE04EC0-301F-11D3-BF4B-00C04F79EFBC}") = "ProSuite.Commons.Logging", "ProSuite.Commons.Logging\ProSuite.Commons.Logging.csproj", "{A227D52C-0536-498F-ACF2-2A5A67C3D9FF}"
EndProject
Project("{FAE04EC0-301F-11D3-BF4B-00C04F79EFBC}") = "ProSuite.Commons.Logging.Test", "ProSuite.Commons.Logging.Test\ProSuite.Commons.Logging.Test.csproj", "{2497991A-EE91-4355-864A-DB6DB9782096}"
EndProject
Project("{FAE04EC0-301F-11D3-BF4B-00C04F79EFBC}") = "ProSuite.Commons", "ProSuite.Commons\ProSuite.Commons.csproj", "{66E5D99B-26AB-4FFF-834D-D96347DF4FA4}"
EndProject
Project("{FAE04EC0-301F-11D3-BF4B-00C04F79EFBC}") = "ProSuite.Commons.Test", "ProSuite.Commons.Test\ProSuite.Commons.Test.csproj", "{5B741064-38D8-4BEE-87C0-3F8E1C0247BF}"
EndProject
Project("{FAE04EC0-301F-11D3-BF4B-00C04F79EFBC}") = "ProSuite.Commons.UI", "ProSuite.Commons.UI\ProSuite.Commons.UI.csproj", "{FDA8452C-41F0-404C-A17D-FBA8CB56B935}"
EndProject
Project("{FAE04EC0-301F-11D3-BF4B-00C04F79EFBC}") = "ProSuite.Commons.UI.Test", "ProSuite.Commons.UI.Test\ProSuite.Commons.UI.Test.csproj", "{510D9436-E3AC-465F-9A8B-24F2093C6214}"
EndProject
Project("{FAE04EC0-301F-11D3-BF4B-00C04F79EFBC}") = "ProSuite.DomainModel.Core", "ProSuite.DomainModel.Core\ProSuite.DomainModel.Core.csproj", "{0B48B56F-3A3D-4367-AA76-A356519AF2AB}"
EndProject
Project("{FAE04EC0-301F-11D3-BF4B-00C04F79EFBC}") = "ProSuite.DomainModel.Core.Test", "ProSuite.DomainModel.Core.Test\ProSuite.DomainModel.Core.Test.csproj", "{4DE3C160-E2E4-4491-A4CB-1B5DC26D2EFC}"
EndProject
Project("{2150E333-8FDC-42A3-9474-1A3956D46DE8}") = "Solution Items", "Solution Items", "{859A416A-47F4-45D2-B44B-70F7CE93F821}"
	ProjectSection(SolutionItems) = preProject
		ProSuite.DotSettings = ProSuite.DotSettings
		ProSuite.Key.snk = ProSuite.Key.snk
		SharedAssemblyInfo.cs = SharedAssemblyInfo.cs
	EndProjectSection
EndProject
Project("{FAE04EC0-301F-11D3-BF4B-00C04F79EFBC}") = "ProSuite.Commons.AGP", "ProSuite.Commons.AGP\ProSuite.Commons.AGP.csproj", "{89F2C583-3022-43F8-9B69-27123836625F}"
EndProject
Project("{FAE04EC0-301F-11D3-BF4B-00C04F79EFBC}") = "ProSuite.AGP.WorkList.Contracts", "ProSuite.AGP.WorkList.Contracts\ProSuite.AGP.WorkList.Contracts.csproj", "{47E134C6-B803-451E-8C33-7C71B158B2AC}"
EndProject
Project("{FAE04EC0-301F-11D3-BF4B-00C04F79EFBC}") = "ProSuite.AGP.WorkList", "ProSuite.AGP.WorkList\ProSuite.AGP.WorkList.csproj", "{2EFE37C6-29A4-4E51-8C9F-D7B895F9CE6D}"
EndProject
Project("{FAE04EC0-301F-11D3-BF4B-00C04F79EFBC}") = "ProSuite.AGP.WorkList.Test", "ProSuite.AGP.WorkList.Test\ProSuite.AGP.WorkList.Test.csproj", "{AF816619-A110-435B-A575-53A511593422}"
EndProject
Project("{2150E333-8FDC-42A3-9474-1A3956D46DE8}") = "Clients", "Clients", "{81F95786-6E18-48AA-836E-078047481BF9}"
EndProject
Project("{2150E333-8FDC-42A3-9474-1A3956D46DE8}") = "Clients.AGP", "Clients.AGP", "{2A9D7990-0FE8-43D0-9D2D-3E94F2C73056}"
EndProject
Project("{FAE04EC0-301F-11D3-BF4B-00C04F79EFBC}") = "ProSuite.DomainModel", "ProSuite.DomainModel\ProSuite.DomainModel.csproj", "{824DDBE3-EDAF-460B-B513-386A4260C1FF}"
EndProject
Project("{FAE04EC0-301F-11D3-BF4B-00C04F79EFBC}") = "ProSuite.QA.Configurator", "ProSuite.QA.Configurator\ProSuite.QA.Configurator.csproj", "{7C22C12F-3645-45DD-946B-8189816D39D3}"
EndProject
Project("{FAE04EC0-301F-11D3-BF4B-00C04F79EFBC}") = "ProSuite.QA.ServiceManager", "ProSuite.QA.ServiceManager\ProSuite.QA.ServiceManager.csproj", "{A3BCF206-8C54-490A-8F5F-1C3C68EBB208}"
EndProject
Project("{FAE04EC0-301F-11D3-BF4B-00C04F79EFBC}") = "ProSuite.QA.SpecificationProviderFile", "ProSuite.QA.SpecificationProviderFile\ProSuite.QA.SpecificationProviderFile.csproj", "{61FA8DE4-D5E8-49C3-88CF-1F806DD6B020}"
EndProject
Project("{FAE04EC0-301F-11D3-BF4B-00C04F79EFBC}") = "ProSuite.QA.ServiceProviderArcGIS", "ProSuite.QA.ServiceProviderArcGIS\ProSuite.QA.ServiceProviderArcGIS.csproj", "{B46101C1-5C42-410D-83B9-8EBE2BECBE18}"
EndProject
Project("{FAE04EC0-301F-11D3-BF4B-00C04F79EFBC}") = "ProSuite.AGP.Editing", "ProSuite.AGP.Editing\ProSuite.AGP.Editing.csproj", "{EC3D575D-7B9D-467F-BC76-2E093A3126EC}"
EndProject
Project("{FAE04EC0-301F-11D3-BF4B-00C04F79EFBC}") = "ProSuite.Commons.AGP.Hosting", "ProSuite.Commons.AGP.Hosting\ProSuite.Commons.AGP.Hosting.csproj", "{D6540148-8790-4C77-8A65-518BD10487D7}"
EndProject
Project("{FAE04EC0-301F-11D3-BF4B-00C04F79EFBC}") = "ProSuite.Commons.AGP.Hosting.Test", "ProSuite.Commons.AGP.Hosting.Test\ProSuite.Commons.AGP.Hosting.Test.csproj", "{F334EF2E-5B6C-463B-8EB1-B4C35E5F6697}"
EndProject
Project("{FAE04EC0-301F-11D3-BF4B-00C04F79EFBC}") = "ProSuite.AGP.Solution.Plugins", "ProSuite.AGP.Solution.Plugins\ProSuite.AGP.Solution.Plugins.csproj", "{85CE29F7-148F-4ACB-9312-742ECFC92FB7}"
EndProject
Project("{FAE04EC0-301F-11D3-BF4B-00C04F79EFBC}") = "ProSuite.AGP.Solution", "ProSuite.AGP.Solution\ProSuite.AGP.Solution.csproj", "{ACA43C2A-8357-4476-8660-E8BC28BDF848}"
EndProject
Project("{FAE04EC0-301F-11D3-BF4B-00C04F79EFBC}") = "ProSuite.Commons.AGP.Core", "ProSuite.Commons.AGP.Core\ProSuite.Commons.AGP.Core.csproj", "{B80740EC-BB68-410C-A617-E79C467F1969}"
EndProject
Project("{FAE04EC0-301F-11D3-BF4B-00C04F79EFBC}") = "ProSuite.Commons.AGP.Core.Test", "ProSuite.Commons.AGP.Core.Test\ProSuite.Commons.AGP.Core.Test.csproj", "{14D303FD-58FD-4483-A963-0A681B95ADB9}"
EndProject
Project("{FAE04EC0-301F-11D3-BF4B-00C04F79EFBC}") = "ProSuite.AGP.Editing.Test", "ProSuite.AGP.Editing.Test\ProSuite.AGP.Editing.Test.csproj", "{A6DE7214-500C-4AD9-A9BA-28F36930862F}"
EndProject
Project("{FAE04EC0-301F-11D3-BF4B-00C04F79EFBC}") = "ProSuite.Processing", "ProSuite.Processing\ProSuite.Processing.csproj", "{0B72E886-B428-48ED-BA96-9CD6FCC5E171}"
EndProject
Project("{FAE04EC0-301F-11D3-BF4B-00C04F79EFBC}") = "ProSuite.QA.Core", "ProSuite.QA.Core\ProSuite.QA.Core.csproj", "{01CBBA9E-0D4D-439F-9147-6A5685884A65}"
EndProject
Project("{FAE04EC0-301F-11D3-BF4B-00C04F79EFBC}") = "ProSuite.Microservices.Client", "ProSuite.Microservices.Client\ProSuite.Microservices.Client.csproj", "{413917C0-7EB3-4D86-8448-0A3CA70C2ED4}"
EndProject
Project("{FAE04EC0-301F-11D3-BF4B-00C04F79EFBC}") = "ProSuite.Microservices.Client.AGP", "ProSuite.Microservices.Client.AGP\ProSuite.Microservices.Client.AGP.csproj", "{5D500C94-FF3A-4BC8-8EDB-3A7177898B81}"
EndProject
Project("{FAE04EC0-301F-11D3-BF4B-00C04F79EFBC}") = "ProSuite.Application.Configuration", "ProSuite.Application.Configuration\ProSuite.Application.Configuration.csproj", "{EAB868E4-D8FD-4AB4-9EDA-A9291E7CFEAB}"
EndProject
Project("{FAE04EC0-301F-11D3-BF4B-00C04F79EFBC}") = "ProSuite.AGP.CartoTrials", "ProSuite.AGP.CartoTrials\ProSuite.AGP.CartoTrials.csproj", "{0F1D8710-E7D3-4340-AFA6-C6A30CB32854}"
EndProject
Project("{FAE04EC0-301F-11D3-BF4B-00C04F79EFBC}") = "WpfSandbox", "WpfSandbox\WpfSandbox.csproj", "{FFEC4FBC-2626-4A97-9CF9-71F90B53E69D}"
EndProject
Global
	GlobalSection(SolutionConfigurationPlatforms) = preSolution
		Debug|Any CPU = Debug|Any CPU
		Release|Any CPU = Release|Any CPU
	EndGlobalSection
	GlobalSection(ProjectConfigurationPlatforms) = postSolution
		{384763D9-F7A1-4AA2-9ABD-EE338CD8D4C1}.Debug|Any CPU.ActiveCfg = Debug|Any CPU
		{384763D9-F7A1-4AA2-9ABD-EE338CD8D4C1}.Debug|Any CPU.Build.0 = Debug|Any CPU
		{384763D9-F7A1-4AA2-9ABD-EE338CD8D4C1}.Release|Any CPU.ActiveCfg = Release|Any CPU
		{384763D9-F7A1-4AA2-9ABD-EE338CD8D4C1}.Release|Any CPU.Build.0 = Release|Any CPU
		{A227D52C-0536-498F-ACF2-2A5A67C3D9FF}.Debug|Any CPU.ActiveCfg = Debug|Any CPU
		{A227D52C-0536-498F-ACF2-2A5A67C3D9FF}.Debug|Any CPU.Build.0 = Debug|Any CPU
		{A227D52C-0536-498F-ACF2-2A5A67C3D9FF}.Release|Any CPU.ActiveCfg = Release|Any CPU
		{A227D52C-0536-498F-ACF2-2A5A67C3D9FF}.Release|Any CPU.Build.0 = Release|Any CPU
		{2497991A-EE91-4355-864A-DB6DB9782096}.Debug|Any CPU.ActiveCfg = Debug|Any CPU
		{2497991A-EE91-4355-864A-DB6DB9782096}.Debug|Any CPU.Build.0 = Debug|Any CPU
		{2497991A-EE91-4355-864A-DB6DB9782096}.Release|Any CPU.ActiveCfg = Release|Any CPU
		{2497991A-EE91-4355-864A-DB6DB9782096}.Release|Any CPU.Build.0 = Release|Any CPU
		{66E5D99B-26AB-4FFF-834D-D96347DF4FA4}.Debug|Any CPU.ActiveCfg = Debug|Any CPU
		{66E5D99B-26AB-4FFF-834D-D96347DF4FA4}.Debug|Any CPU.Build.0 = Debug|Any CPU
		{66E5D99B-26AB-4FFF-834D-D96347DF4FA4}.Release|Any CPU.ActiveCfg = Release|Any CPU
		{66E5D99B-26AB-4FFF-834D-D96347DF4FA4}.Release|Any CPU.Build.0 = Release|Any CPU
		{5B741064-38D8-4BEE-87C0-3F8E1C0247BF}.Debug|Any CPU.ActiveCfg = Debug|Any CPU
		{5B741064-38D8-4BEE-87C0-3F8E1C0247BF}.Debug|Any CPU.Build.0 = Debug|Any CPU
		{5B741064-38D8-4BEE-87C0-3F8E1C0247BF}.Release|Any CPU.ActiveCfg = Release|Any CPU
		{5B741064-38D8-4BEE-87C0-3F8E1C0247BF}.Release|Any CPU.Build.0 = Release|Any CPU
		{FDA8452C-41F0-404C-A17D-FBA8CB56B935}.Debug|Any CPU.ActiveCfg = Debug|Any CPU
		{FDA8452C-41F0-404C-A17D-FBA8CB56B935}.Debug|Any CPU.Build.0 = Debug|Any CPU
		{FDA8452C-41F0-404C-A17D-FBA8CB56B935}.Release|Any CPU.ActiveCfg = Release|Any CPU
		{FDA8452C-41F0-404C-A17D-FBA8CB56B935}.Release|Any CPU.Build.0 = Release|Any CPU
		{510D9436-E3AC-465F-9A8B-24F2093C6214}.Debug|Any CPU.ActiveCfg = Debug|Any CPU
		{510D9436-E3AC-465F-9A8B-24F2093C6214}.Debug|Any CPU.Build.0 = Debug|Any CPU
		{510D9436-E3AC-465F-9A8B-24F2093C6214}.Release|Any CPU.ActiveCfg = Release|Any CPU
		{510D9436-E3AC-465F-9A8B-24F2093C6214}.Release|Any CPU.Build.0 = Release|Any CPU
		{0B48B56F-3A3D-4367-AA76-A356519AF2AB}.Debug|Any CPU.ActiveCfg = Debug|Any CPU
		{0B48B56F-3A3D-4367-AA76-A356519AF2AB}.Debug|Any CPU.Build.0 = Debug|Any CPU
		{0B48B56F-3A3D-4367-AA76-A356519AF2AB}.Release|Any CPU.ActiveCfg = Release|Any CPU
		{0B48B56F-3A3D-4367-AA76-A356519AF2AB}.Release|Any CPU.Build.0 = Release|Any CPU
		{4DE3C160-E2E4-4491-A4CB-1B5DC26D2EFC}.Debug|Any CPU.ActiveCfg = Debug|Any CPU
		{4DE3C160-E2E4-4491-A4CB-1B5DC26D2EFC}.Debug|Any CPU.Build.0 = Debug|Any CPU
		{4DE3C160-E2E4-4491-A4CB-1B5DC26D2EFC}.Release|Any CPU.ActiveCfg = Release|Any CPU
		{4DE3C160-E2E4-4491-A4CB-1B5DC26D2EFC}.Release|Any CPU.Build.0 = Release|Any CPU
		{89F2C583-3022-43F8-9B69-27123836625F}.Debug|Any CPU.ActiveCfg = Debug|Any CPU
		{89F2C583-3022-43F8-9B69-27123836625F}.Debug|Any CPU.Build.0 = Debug|Any CPU
		{89F2C583-3022-43F8-9B69-27123836625F}.Release|Any CPU.ActiveCfg = Release|Any CPU
		{89F2C583-3022-43F8-9B69-27123836625F}.Release|Any CPU.Build.0 = Release|Any CPU
		{47E134C6-B803-451E-8C33-7C71B158B2AC}.Debug|Any CPU.ActiveCfg = Debug|Any CPU
		{47E134C6-B803-451E-8C33-7C71B158B2AC}.Debug|Any CPU.Build.0 = Debug|Any CPU
		{47E134C6-B803-451E-8C33-7C71B158B2AC}.Release|Any CPU.ActiveCfg = Release|Any CPU
		{47E134C6-B803-451E-8C33-7C71B158B2AC}.Release|Any CPU.Build.0 = Release|Any CPU
		{2EFE37C6-29A4-4E51-8C9F-D7B895F9CE6D}.Debug|Any CPU.ActiveCfg = Debug|Any CPU
		{2EFE37C6-29A4-4E51-8C9F-D7B895F9CE6D}.Debug|Any CPU.Build.0 = Debug|Any CPU
		{2EFE37C6-29A4-4E51-8C9F-D7B895F9CE6D}.Release|Any CPU.ActiveCfg = Release|Any CPU
		{2EFE37C6-29A4-4E51-8C9F-D7B895F9CE6D}.Release|Any CPU.Build.0 = Release|Any CPU
		{AF816619-A110-435B-A575-53A511593422}.Debug|Any CPU.ActiveCfg = Debug|Any CPU
		{AF816619-A110-435B-A575-53A511593422}.Debug|Any CPU.Build.0 = Debug|Any CPU
		{AF816619-A110-435B-A575-53A511593422}.Release|Any CPU.ActiveCfg = Release|Any CPU
		{AF816619-A110-435B-A575-53A511593422}.Release|Any CPU.Build.0 = Release|Any CPU
		{824DDBE3-EDAF-460B-B513-386A4260C1FF}.Debug|Any CPU.ActiveCfg = Debug|Any CPU
		{824DDBE3-EDAF-460B-B513-386A4260C1FF}.Debug|Any CPU.Build.0 = Debug|Any CPU
		{824DDBE3-EDAF-460B-B513-386A4260C1FF}.Release|Any CPU.ActiveCfg = Release|Any CPU
		{824DDBE3-EDAF-460B-B513-386A4260C1FF}.Release|Any CPU.Build.0 = Release|Any CPU
		{7C22C12F-3645-45DD-946B-8189816D39D3}.Debug|Any CPU.ActiveCfg = Debug|Any CPU
		{7C22C12F-3645-45DD-946B-8189816D39D3}.Debug|Any CPU.Build.0 = Debug|Any CPU
		{7C22C12F-3645-45DD-946B-8189816D39D3}.Release|Any CPU.ActiveCfg = Release|Any CPU
		{7C22C12F-3645-45DD-946B-8189816D39D3}.Release|Any CPU.Build.0 = Release|Any CPU
		{A3BCF206-8C54-490A-8F5F-1C3C68EBB208}.Debug|Any CPU.ActiveCfg = Debug|Any CPU
		{A3BCF206-8C54-490A-8F5F-1C3C68EBB208}.Debug|Any CPU.Build.0 = Debug|Any CPU
		{A3BCF206-8C54-490A-8F5F-1C3C68EBB208}.Release|Any CPU.ActiveCfg = Release|Any CPU
		{A3BCF206-8C54-490A-8F5F-1C3C68EBB208}.Release|Any CPU.Build.0 = Release|Any CPU
		{61FA8DE4-D5E8-49C3-88CF-1F806DD6B020}.Debug|Any CPU.ActiveCfg = Debug|Any CPU
		{61FA8DE4-D5E8-49C3-88CF-1F806DD6B020}.Debug|Any CPU.Build.0 = Debug|Any CPU
		{61FA8DE4-D5E8-49C3-88CF-1F806DD6B020}.Release|Any CPU.ActiveCfg = Release|Any CPU
		{61FA8DE4-D5E8-49C3-88CF-1F806DD6B020}.Release|Any CPU.Build.0 = Release|Any CPU
		{B46101C1-5C42-410D-83B9-8EBE2BECBE18}.Debug|Any CPU.ActiveCfg = Debug|Any CPU
		{B46101C1-5C42-410D-83B9-8EBE2BECBE18}.Debug|Any CPU.Build.0 = Debug|Any CPU
		{B46101C1-5C42-410D-83B9-8EBE2BECBE18}.Release|Any CPU.ActiveCfg = Release|Any CPU
		{B46101C1-5C42-410D-83B9-8EBE2BECBE18}.Release|Any CPU.Build.0 = Release|Any CPU
		{EC3D575D-7B9D-467F-BC76-2E093A3126EC}.Debug|Any CPU.ActiveCfg = Debug|Any CPU
		{EC3D575D-7B9D-467F-BC76-2E093A3126EC}.Debug|Any CPU.Build.0 = Debug|Any CPU
		{EC3D575D-7B9D-467F-BC76-2E093A3126EC}.Release|Any CPU.ActiveCfg = Release|Any CPU
		{EC3D575D-7B9D-467F-BC76-2E093A3126EC}.Release|Any CPU.Build.0 = Release|Any CPU
		{D6540148-8790-4C77-8A65-518BD10487D7}.Debug|Any CPU.ActiveCfg = Debug|Any CPU
		{D6540148-8790-4C77-8A65-518BD10487D7}.Debug|Any CPU.Build.0 = Debug|Any CPU
		{D6540148-8790-4C77-8A65-518BD10487D7}.Release|Any CPU.ActiveCfg = Release|Any CPU
		{D6540148-8790-4C77-8A65-518BD10487D7}.Release|Any CPU.Build.0 = Release|Any CPU
		{F334EF2E-5B6C-463B-8EB1-B4C35E5F6697}.Debug|Any CPU.ActiveCfg = Debug|Any CPU
		{F334EF2E-5B6C-463B-8EB1-B4C35E5F6697}.Debug|Any CPU.Build.0 = Debug|Any CPU
		{F334EF2E-5B6C-463B-8EB1-B4C35E5F6697}.Release|Any CPU.ActiveCfg = Release|Any CPU
		{F334EF2E-5B6C-463B-8EB1-B4C35E5F6697}.Release|Any CPU.Build.0 = Release|Any CPU
		{85CE29F7-148F-4ACB-9312-742ECFC92FB7}.Debug|Any CPU.ActiveCfg = Debug|Any CPU
		{85CE29F7-148F-4ACB-9312-742ECFC92FB7}.Debug|Any CPU.Build.0 = Debug|Any CPU
		{85CE29F7-148F-4ACB-9312-742ECFC92FB7}.Release|Any CPU.ActiveCfg = Release|Any CPU
		{85CE29F7-148F-4ACB-9312-742ECFC92FB7}.Release|Any CPU.Build.0 = Release|Any CPU
		{ACA43C2A-8357-4476-8660-E8BC28BDF848}.Debug|Any CPU.ActiveCfg = Debug|Any CPU
		{ACA43C2A-8357-4476-8660-E8BC28BDF848}.Debug|Any CPU.Build.0 = Debug|Any CPU
		{ACA43C2A-8357-4476-8660-E8BC28BDF848}.Release|Any CPU.ActiveCfg = Release|Any CPU
		{ACA43C2A-8357-4476-8660-E8BC28BDF848}.Release|Any CPU.Build.0 = Release|Any CPU
		{B80740EC-BB68-410C-A617-E79C467F1969}.Debug|Any CPU.ActiveCfg = Debug|Any CPU
		{B80740EC-BB68-410C-A617-E79C467F1969}.Debug|Any CPU.Build.0 = Debug|Any CPU
		{B80740EC-BB68-410C-A617-E79C467F1969}.Release|Any CPU.ActiveCfg = Release|Any CPU
		{B80740EC-BB68-410C-A617-E79C467F1969}.Release|Any CPU.Build.0 = Release|Any CPU
		{14D303FD-58FD-4483-A963-0A681B95ADB9}.Debug|Any CPU.ActiveCfg = Debug|Any CPU
		{14D303FD-58FD-4483-A963-0A681B95ADB9}.Debug|Any CPU.Build.0 = Debug|Any CPU
		{14D303FD-58FD-4483-A963-0A681B95ADB9}.Release|Any CPU.ActiveCfg = Release|Any CPU
		{14D303FD-58FD-4483-A963-0A681B95ADB9}.Release|Any CPU.Build.0 = Release|Any CPU
		{A6DE7214-500C-4AD9-A9BA-28F36930862F}.Debug|Any CPU.ActiveCfg = Debug|Any CPU
		{A6DE7214-500C-4AD9-A9BA-28F36930862F}.Debug|Any CPU.Build.0 = Debug|Any CPU
		{A6DE7214-500C-4AD9-A9BA-28F36930862F}.Release|Any CPU.ActiveCfg = Release|Any CPU
		{A6DE7214-500C-4AD9-A9BA-28F36930862F}.Release|Any CPU.Build.0 = Release|Any CPU
		{0B72E886-B428-48ED-BA96-9CD6FCC5E171}.Debug|Any CPU.ActiveCfg = Debug|Any CPU
		{0B72E886-B428-48ED-BA96-9CD6FCC5E171}.Debug|Any CPU.Build.0 = Debug|Any CPU
		{0B72E886-B428-48ED-BA96-9CD6FCC5E171}.Release|Any CPU.ActiveCfg = Release|Any CPU
		{0B72E886-B428-48ED-BA96-9CD6FCC5E171}.Release|Any CPU.Build.0 = Release|Any CPU
		{01CBBA9E-0D4D-439F-9147-6A5685884A65}.Debug|Any CPU.ActiveCfg = Debug|Any CPU
		{01CBBA9E-0D4D-439F-9147-6A5685884A65}.Debug|Any CPU.Build.0 = Debug|Any CPU
		{01CBBA9E-0D4D-439F-9147-6A5685884A65}.Release|Any CPU.ActiveCfg = Release|Any CPU
		{01CBBA9E-0D4D-439F-9147-6A5685884A65}.Release|Any CPU.Build.0 = Release|Any CPU
		{413917C0-7EB3-4D86-8448-0A3CA70C2ED4}.Debug|Any CPU.ActiveCfg = Debug|Any CPU
		{413917C0-7EB3-4D86-8448-0A3CA70C2ED4}.Debug|Any CPU.Build.0 = Debug|Any CPU
		{413917C0-7EB3-4D86-8448-0A3CA70C2ED4}.Release|Any CPU.ActiveCfg = Release|Any CPU
		{413917C0-7EB3-4D86-8448-0A3CA70C2ED4}.Release|Any CPU.Build.0 = Release|Any CPU
		{5D500C94-FF3A-4BC8-8EDB-3A7177898B81}.Debug|Any CPU.ActiveCfg = Debug|Any CPU
		{5D500C94-FF3A-4BC8-8EDB-3A7177898B81}.Debug|Any CPU.Build.0 = Debug|Any CPU
		{5D500C94-FF3A-4BC8-8EDB-3A7177898B81}.Release|Any CPU.ActiveCfg = Release|Any CPU
		{5D500C94-FF3A-4BC8-8EDB-3A7177898B81}.Release|Any CPU.Build.0 = Release|Any CPU
		{EAB868E4-D8FD-4AB4-9EDA-A9291E7CFEAB}.Debug|Any CPU.ActiveCfg = Debug|Any CPU
		{EAB868E4-D8FD-4AB4-9EDA-A9291E7CFEAB}.Debug|Any CPU.Build.0 = Debug|Any CPU
		{EAB868E4-D8FD-4AB4-9EDA-A9291E7CFEAB}.Release|Any CPU.ActiveCfg = Release|Any CPU
		{EAB868E4-D8FD-4AB4-9EDA-A9291E7CFEAB}.Release|Any CPU.Build.0 = Release|Any CPU
		{0F1D8710-E7D3-4340-AFA6-C6A30CB32854}.Debug|Any CPU.ActiveCfg = Debug|Any CPU
		{0F1D8710-E7D3-4340-AFA6-C6A30CB32854}.Release|Any CPU.ActiveCfg = Release|Any CPU
		{FFEC4FBC-2626-4A97-9CF9-71F90B53E69D}.Debug|Any CPU.ActiveCfg = Debug|Any CPU
		{FFEC4FBC-2626-4A97-9CF9-71F90B53E69D}.Debug|Any CPU.Build.0 = Debug|Any CPU
		{FFEC4FBC-2626-4A97-9CF9-71F90B53E69D}.Release|Any CPU.ActiveCfg = Release|Any CPU
		{FFEC4FBC-2626-4A97-9CF9-71F90B53E69D}.Release|Any CPU.Build.0 = Release|Any CPU
	EndGlobalSection
	GlobalSection(SolutionProperties) = preSolution
		HideSolutionNode = FALSE
	EndGlobalSection
	GlobalSection(NestedProjects) = preSolution
		{2A9D7990-0FE8-43D0-9D2D-3E94F2C73056} = {81F95786-6E18-48AA-836E-078047481BF9}
		{85CE29F7-148F-4ACB-9312-742ECFC92FB7} = {2A9D7990-0FE8-43D0-9D2D-3E94F2C73056}
		{ACA43C2A-8357-4476-8660-E8BC28BDF848} = {2A9D7990-0FE8-43D0-9D2D-3E94F2C73056}
		{0F1D8710-E7D3-4340-AFA6-C6A30CB32854} = {2A9D7990-0FE8-43D0-9D2D-3E94F2C73056}
		{FFEC4FBC-2626-4A97-9CF9-71F90B53E69D} = {81F95786-6E18-48AA-836E-078047481BF9}
	EndGlobalSection
	GlobalSection(ExtensibilityGlobals) = postSolution
		SolutionGuid = {C6B4D725-3081-4767-ABAB-959C058633C0}
	EndGlobalSection
EndGlobal
