
Microsoft Visual Studio Solution File, Format Version 12.00
# Visual Studio Version 16
VisualStudioVersion = 16.0.30128.74
MinimumVisualStudioVersion = 10.0.40219.1
Project("{FAE04EC0-301F-11D3-BF4B-00C04F79EFBC}") = "ProSuite.Commons.Essentials", "ProSuite.Commons.Essentials\ProSuite.Commons.Essentials.csproj", "{384763D9-F7A1-4AA2-9ABD-EE338CD8D4C1}"
EndProject
Project("{FAE04EC0-301F-11D3-BF4B-00C04F79EFBC}") = "ProSuite.Commons.Logging", "ProSuite.Commons.Logging\ProSuite.Commons.Logging.csproj", "{A227D52C-0536-498F-ACF2-2A5A67C3D9FF}"
EndProject
Project("{FAE04EC0-301F-11D3-BF4B-00C04F79EFBC}") = "ProSuite.Commons.Logging.Test", "ProSuite.Commons.Logging.Test\ProSuite.Commons.Logging.Test.csproj", "{2497991A-EE91-4355-864A-DB6DB9782096}"
EndProject
Project("{FAE04EC0-301F-11D3-BF4B-00C04F79EFBC}") = "ProSuite.Commons", "ProSuite.Commons\ProSuite.Commons.csproj", "{66E5D99B-26AB-4FFF-834D-D96347DF4FA4}"
EndProject
Project("{FAE04EC0-301F-11D3-BF4B-00C04F79EFBC}") = "ProSuite.Commons.Test", "ProSuite.Commons.Test\ProSuite.Commons.Test.csproj", "{5B741064-38D8-4BEE-87C0-3F8E1C0247BF}"
EndProject
Project("{FAE04EC0-301F-11D3-BF4B-00C04F79EFBC}") = "ProSuite.Commons.UI", "ProSuite.Commons.UI\ProSuite.Commons.UI.csproj", "{FDA8452C-41F0-404C-A17D-FBA8CB56B935}"
EndProject
Project("{FAE04EC0-301F-11D3-BF4B-00C04F79EFBC}") = "ProSuite.Commons.UI.Test", "ProSuite.Commons.UI.Test\ProSuite.Commons.UI.Test.csproj", "{510D9436-E3AC-465F-9A8B-24F2093C6214}"
EndProject
Project("{2150E333-8FDC-42A3-9474-1A3956D46DE8}") = "Solution Items", "Solution Items", "{859A416A-47F4-45D2-B44B-70F7CE93F821}"
	ProjectSection(SolutionItems) = preProject
		SharedAssemblyInfo.cs = SharedAssemblyInfo.cs
	EndProjectSection
EndProject
Project("{FAE04EC0-301F-11D3-BF4B-00C04F79EFBC}") = "ProSuite.DomainModel.Core", "ProSuite.DomainModel.Core\ProSuite.DomainModel.Core.csproj", "{0B48B56F-3A3D-4367-AA76-A356519AF2AB}"
EndProject
Project("{FAE04EC0-301F-11D3-BF4B-00C04F79EFBC}") = "ProSuite.DomainModel.Core.Test", "ProSuite.DomainModel.Core.Test\ProSuite.DomainModel.Core.Test.csproj", "{4DE3C160-E2E4-4491-A4CB-1B5DC26D2EFC}"
EndProject
Global
	GlobalSection(SolutionConfigurationPlatforms) = preSolution
		Debug|Any CPU = Debug|Any CPU
		Release|Any CPU = Release|Any CPU
	EndGlobalSection
	GlobalSection(ProjectConfigurationPlatforms) = postSolution
		{384763D9-F7A1-4AA2-9ABD-EE338CD8D4C1}.Debug|Any CPU.ActiveCfg = Debug|Any CPU
		{384763D9-F7A1-4AA2-9ABD-EE338CD8D4C1}.Debug|Any CPU.Build.0 = Debug|Any CPU
		{384763D9-F7A1-4AA2-9ABD-EE338CD8D4C1}.Release|Any CPU.ActiveCfg = Release|Any CPU
		{384763D9-F7A1-4AA2-9ABD-EE338CD8D4C1}.Release|Any CPU.Build.0 = Release|Any CPU
		{A227D52C-0536-498F-ACF2-2A5A67C3D9FF}.Debug|Any CPU.ActiveCfg = Debug|Any CPU
		{A227D52C-0536-498F-ACF2-2A5A67C3D9FF}.Debug|Any CPU.Build.0 = Debug|Any CPU
		{A227D52C-0536-498F-ACF2-2A5A67C3D9FF}.Release|Any CPU.ActiveCfg = Release|Any CPU
		{A227D52C-0536-498F-ACF2-2A5A67C3D9FF}.Release|Any CPU.Build.0 = Release|Any CPU
		{2497991A-EE91-4355-864A-DB6DB9782096}.Debug|Any CPU.ActiveCfg = Debug|Any CPU
		{2497991A-EE91-4355-864A-DB6DB9782096}.Debug|Any CPU.Build.0 = Debug|Any CPU
		{2497991A-EE91-4355-864A-DB6DB9782096}.Release|Any CPU.ActiveCfg = Release|Any CPU
		{2497991A-EE91-4355-864A-DB6DB9782096}.Release|Any CPU.Build.0 = Release|Any CPU
		{66E5D99B-26AB-4FFF-834D-D96347DF4FA4}.Debug|Any CPU.ActiveCfg = Debug|Any CPU
		{66E5D99B-26AB-4FFF-834D-D96347DF4FA4}.Debug|Any CPU.Build.0 = Debug|Any CPU
		{66E5D99B-26AB-4FFF-834D-D96347DF4FA4}.Release|Any CPU.ActiveCfg = Release|Any CPU
		{66E5D99B-26AB-4FFF-834D-D96347DF4FA4}.Release|Any CPU.Build.0 = Release|Any CPU
		{5B741064-38D8-4BEE-87C0-3F8E1C0247BF}.Debug|Any CPU.ActiveCfg = Debug|Any CPU
		{5B741064-38D8-4BEE-87C0-3F8E1C0247BF}.Debug|Any CPU.Build.0 = Debug|Any CPU
		{5B741064-38D8-4BEE-87C0-3F8E1C0247BF}.Release|Any CPU.ActiveCfg = Release|Any CPU
		{5B741064-38D8-4BEE-87C0-3F8E1C0247BF}.Release|Any CPU.Build.0 = Release|Any CPU
		{FDA8452C-41F0-404C-A17D-FBA8CB56B935}.Debug|Any CPU.ActiveCfg = Debug|Any CPU
		{FDA8452C-41F0-404C-A17D-FBA8CB56B935}.Debug|Any CPU.Build.0 = Debug|Any CPU
		{FDA8452C-41F0-404C-A17D-FBA8CB56B935}.Release|Any CPU.ActiveCfg = Release|Any CPU
		{FDA8452C-41F0-404C-A17D-FBA8CB56B935}.Release|Any CPU.Build.0 = Release|Any CPU
		{510D9436-E3AC-465F-9A8B-24F2093C6214}.Debug|Any CPU.ActiveCfg = Debug|Any CPU
		{510D9436-E3AC-465F-9A8B-24F2093C6214}.Debug|Any CPU.Build.0 = Debug|Any CPU
		{510D9436-E3AC-465F-9A8B-24F2093C6214}.Release|Any CPU.ActiveCfg = Release|Any CPU
		{510D9436-E3AC-465F-9A8B-24F2093C6214}.Release|Any CPU.Build.0 = Release|Any CPU
		{0B48B56F-3A3D-4367-AA76-A356519AF2AB}.Debug|Any CPU.ActiveCfg = Debug|Any CPU
		{0B48B56F-3A3D-4367-AA76-A356519AF2AB}.Debug|Any CPU.Build.0 = Debug|Any CPU
		{0B48B56F-3A3D-4367-AA76-A356519AF2AB}.Release|Any CPU.ActiveCfg = Release|Any CPU
		{0B48B56F-3A3D-4367-AA76-A356519AF2AB}.Release|Any CPU.Build.0 = Release|Any CPU
		{4DE3C160-E2E4-4491-A4CB-1B5DC26D2EFC}.Debug|Any CPU.ActiveCfg = Debug|Any CPU
		{4DE3C160-E2E4-4491-A4CB-1B5DC26D2EFC}.Debug|Any CPU.Build.0 = Debug|Any CPU
		{4DE3C160-E2E4-4491-A4CB-1B5DC26D2EFC}.Release|Any CPU.ActiveCfg = Release|Any CPU
		{4DE3C160-E2E4-4491-A4CB-1B5DC26D2EFC}.Release|Any CPU.Build.0 = Release|Any CPU
	EndGlobalSection
	GlobalSection(SolutionProperties) = preSolution
		HideSolutionNode = FALSE
	EndGlobalSection
	GlobalSection(ExtensibilityGlobals) = postSolution
		SolutionGuid = {C6B4D725-3081-4767-ABAB-959C058633C0}
	EndGlobalSection
EndGlobal
