
Microsoft Visual Studio Solution File, Format Version 12.00
# Visual Studio Version 17
VisualStudioVersion = 17.0.32014.148
MinimumVisualStudioVersion = 10.0.40219.1
Project("{9A19103F-16F7-4668-BE54-9A1E7A4F7556}") = "ProSuite.Commons.Essentials", "ProSuite.Commons.Essentials\ProSuite.Commons.Essentials.csproj", "{384763D9-F7A1-4AA2-9ABD-EE338CD8D4C1}"
EndProject
Project("{9A19103F-16F7-4668-BE54-9A1E7A4F7556}") = "ProSuite.Commons.Logging", "ProSuite.Commons.Logging\ProSuite.Commons.Logging.csproj", "{A227D52C-0536-498F-ACF2-2A5A67C3D9FF}"
EndProject
Project("{9A19103F-16F7-4668-BE54-9A1E7A4F7556}") = "ProSuite.Commons.Logging.Test", "ProSuite.Commons.Logging.Test\ProSuite.Commons.Logging.Test.csproj", "{2497991A-EE91-4355-864A-DB6DB9782096}"
EndProject
Project("{9A19103F-16F7-4668-BE54-9A1E7A4F7556}") = "ProSuite.Commons", "ProSuite.Commons\ProSuite.Commons.csproj", "{66E5D99B-26AB-4FFF-834D-D96347DF4FA4}"
EndProject
Project("{9A19103F-16F7-4668-BE54-9A1E7A4F7556}") = "ProSuite.Commons.Test", "ProSuite.Commons.Test\ProSuite.Commons.Test.csproj", "{5B741064-38D8-4BEE-87C0-3F8E1C0247BF}"
EndProject
Project("{9A19103F-16F7-4668-BE54-9A1E7A4F7556}") = "ProSuite.DomainModel.Core", "ProSuite.DomainModel.Core\ProSuite.DomainModel.Core.csproj", "{0B48B56F-3A3D-4367-AA76-A356519AF2AB}"
EndProject
Project("{9A19103F-16F7-4668-BE54-9A1E7A4F7556}") = "ProSuite.DomainModel.Core.Test", "ProSuite.DomainModel.Core.Test\ProSuite.DomainModel.Core.Test.csproj", "{4DE3C160-E2E4-4491-A4CB-1B5DC26D2EFC}"
EndProject
Project("{2150E333-8FDC-42A3-9474-1A3956D46DE8}") = "Solution Items", "Solution Items", "{859A416A-47F4-45D2-B44B-70F7CE93F821}"
	ProjectSection(SolutionItems) = preProject
		ProSuite.DotSettings = ProSuite.DotSettings
		ProSuite.Key.snk = ProSuite.Key.snk
		SharedAssemblyInfo.cs = SharedAssemblyInfo.cs
	EndProjectSection
EndProject
Project("{9A19103F-16F7-4668-BE54-9A1E7A4F7556}") = "ProSuite.QA.Core", "ProSuite.QA.Core\ProSuite.QA.Core.csproj", "{01CBBA9E-0D4D-439F-9147-6A5685884A65}"
EndProject
Project("{9A19103F-16F7-4668-BE54-9A1E7A4F7556}") = "ProSuite.Commons.AO", "ProSuite.Commons.AO\ProSuite.Commons.AO.csproj", "{7E4B0861-83ED-4D12-BE27-93C9053C88CA}"
EndProject
Project("{9A19103F-16F7-4668-BE54-9A1E7A4F7556}") = "ProSuite.Commons.AO.Test", "ProSuite.Commons.AO.Test\ProSuite.Commons.AO.Test.csproj", "{E9137523-483C-44D6-BE53-ADAACEFBBF5F}"
EndProject
Project("{9A19103F-16F7-4668-BE54-9A1E7A4F7556}") = "ProSuite.Microservices.Server.AO", "ProSuite.Microservices.Server.AO\ProSuite.Microservices.Server.AO.csproj", "{F997B55F-C442-4224-A573-AE39F72BEB4A}"
EndProject
Project("{9A19103F-16F7-4668-BE54-9A1E7A4F7556}") = "ProSuite.Microservices.Server.AO.Test", "ProSuite.Microservices.Server.AO.Test\ProSuite.Microservices.Server.AO.Test.csproj", "{6608D0F5-E149-4C21-841A-C53FA6D59B05}"
EndProject
Project("{FAE04EC0-301F-11D3-BF4B-00C04F79EFBC}") = "ProSuite.Microservices.Server.Geometry.Console", "ProSuite.Microservices.Server.Geometry.Console\ProSuite.Microservices.Server.Geometry.Console.csproj", "{1B83E290-F24A-459A-BDB1-6041EB4AA8A2}"
EndProject
Project("{9A19103F-16F7-4668-BE54-9A1E7A4F7556}") = "ProSuite.QA.Tests", "ProSuite.QA.Tests\ProSuite.QA.Tests.csproj", "{7A1D3AB3-A9A8-45B0-9452-A0DDEA004E2B}"
EndProject
Project("{9A19103F-16F7-4668-BE54-9A1E7A4F7556}") = "ProSuite.QA.Container", "ProSuite.QA.Container\ProSuite.QA.Container.csproj", "{D51693C1-F9F6-425D-8CD6-8DFBF5A52F6F}"
EndProject
Project("{9A19103F-16F7-4668-BE54-9A1E7A4F7556}") = "ProSuite.QA.Container.Test", "ProSuite.QA.Container.Test\ProSuite.QA.Container.Test.csproj", "{F7D731C0-8A36-4B2C-A8C0-AFEB81FA8DD1}"
EndProject
Project("{9A19103F-16F7-4668-BE54-9A1E7A4F7556}") = "ProSuite.QA.Tests.Test", "ProSuite.QA.Tests.Test\ProSuite.QA.Tests.Test.csproj", "{5F00BBDF-0E58-4547-90F0-E5E8BC2512EE}"
EndProject
Project("{9A19103F-16F7-4668-BE54-9A1E7A4F7556}") = "ProSuite.DomainModel.AO", "ProSuite.DomainModel.AO\ProSuite.DomainModel.AO.csproj", "{D360621D-D792-403B-A625-06A707A89D22}"
EndProject
Project("{9A19103F-16F7-4668-BE54-9A1E7A4F7556}") = "ProSuite.Commons.DotLiquid", "ProSuite.Commons.DotLiquid\ProSuite.Commons.DotLiquid.csproj", "{F67C25EA-4840-4B16-BAD0-C8E53C16D7BB}"
EndProject
Project("{9A19103F-16F7-4668-BE54-9A1E7A4F7556}") = "ProSuite.Commons.DotLiquid.Test", "ProSuite.Commons.DotLiquid.Test\ProSuite.Commons.DotLiquid.Test.csproj", "{391D98C4-0FF9-4ED0-9186-C6000BB472AC}"
EndProject
Project("{9A19103F-16F7-4668-BE54-9A1E7A4F7556}") = "ProSuite.Microservices.AO", "ProSuite.Microservices.AO\ProSuite.Microservices.AO.csproj", "{53E0297E-F959-4D5D-B1CB-33D3A1D96623}"
EndProject
Project("{9A19103F-16F7-4668-BE54-9A1E7A4F7556}") = "ProSuite.DomainServices.AO", "ProSuite.DomainServices.AO\ProSuite.DomainServices.AO.csproj", "{F931824E-C6AC-4E8E-B30B-F903C23600F5}"
EndProject
Project("{9A19103F-16F7-4668-BE54-9A1E7A4F7556}") = "ProSuite.DomainServices.AO.Test", "ProSuite.DomainServices.AO.Test\ProSuite.DomainServices.AO.Test.csproj", "{1AD58439-D8F3-49B8-95F6-3FCD561398A6}"
EndProject
Project("{9A19103F-16F7-4668-BE54-9A1E7A4F7556}") = "ProSuite.QA.TestFactories", "ProSuite.QA.TestFactories\ProSuite.QA.TestFactories.csproj", "{61704E1C-E13D-45E2-8388-BD3D1F8A1AF5}"
EndProject
Project("{FAE04EC0-301F-11D3-BF4B-00C04F79EFBC}") = "ProSuite.Application.Configuration", "ProSuite.Application.Configuration\ProSuite.Application.Configuration.csproj", "{EAB868E4-D8FD-4AB4-9EDA-A9291E7CFEAB}"
EndProject
Project("{9A19103F-16F7-4668-BE54-9A1E7A4F7556}") = "ProSuite.Microservices.Client", "ProSuite.Microservices.Client\ProSuite.Microservices.Client.csproj", "{413917C0-7EB3-4D86-8448-0A3CA70C2ED4}"
EndProject
Project("{9A19103F-16F7-4668-BE54-9A1E7A4F7556}") = "ProSuite.QA.Tests.External", "ProSuite.QA.Tests.External\ProSuite.QA.Tests.External.csproj", "{FE90B848-F449-47FE-8F3F-FF4C6A3BFF22}"
EndProject
Global
	GlobalSection(SolutionConfigurationPlatforms) = preSolution
		Debug|Any CPU = Debug|Any CPU
		Debug|x86 = Debug|x86
		Release|Any CPU = Release|Any CPU
		Release|x86 = Release|x86
	EndGlobalSection
	GlobalSection(ProjectConfigurationPlatforms) = postSolution
		{384763D9-F7A1-4AA2-9ABD-EE338CD8D4C1}.Debug|Any CPU.ActiveCfg = Debug|Any CPU
		{384763D9-F7A1-4AA2-9ABD-EE338CD8D4C1}.Debug|Any CPU.Build.0 = Debug|Any CPU
		{384763D9-F7A1-4AA2-9ABD-EE338CD8D4C1}.Debug|x86.ActiveCfg = Debug|Any CPU
		{384763D9-F7A1-4AA2-9ABD-EE338CD8D4C1}.Debug|x86.Build.0 = Debug|Any CPU
		{384763D9-F7A1-4AA2-9ABD-EE338CD8D4C1}.Release|Any CPU.ActiveCfg = Release|Any CPU
		{384763D9-F7A1-4AA2-9ABD-EE338CD8D4C1}.Release|Any CPU.Build.0 = Release|Any CPU
		{384763D9-F7A1-4AA2-9ABD-EE338CD8D4C1}.Release|x86.ActiveCfg = Release|Any CPU
		{384763D9-F7A1-4AA2-9ABD-EE338CD8D4C1}.Release|x86.Build.0 = Release|Any CPU
		{A227D52C-0536-498F-ACF2-2A5A67C3D9FF}.Debug|Any CPU.ActiveCfg = Debug|Any CPU
		{A227D52C-0536-498F-ACF2-2A5A67C3D9FF}.Debug|Any CPU.Build.0 = Debug|Any CPU
		{A227D52C-0536-498F-ACF2-2A5A67C3D9FF}.Debug|x86.ActiveCfg = Debug|Any CPU
		{A227D52C-0536-498F-ACF2-2A5A67C3D9FF}.Debug|x86.Build.0 = Debug|Any CPU
		{A227D52C-0536-498F-ACF2-2A5A67C3D9FF}.Release|Any CPU.ActiveCfg = Release|Any CPU
		{A227D52C-0536-498F-ACF2-2A5A67C3D9FF}.Release|Any CPU.Build.0 = Release|Any CPU
		{A227D52C-0536-498F-ACF2-2A5A67C3D9FF}.Release|x86.ActiveCfg = Release|Any CPU
		{A227D52C-0536-498F-ACF2-2A5A67C3D9FF}.Release|x86.Build.0 = Release|Any CPU
		{2497991A-EE91-4355-864A-DB6DB9782096}.Debug|Any CPU.ActiveCfg = Debug|Any CPU
		{2497991A-EE91-4355-864A-DB6DB9782096}.Debug|Any CPU.Build.0 = Debug|Any CPU
		{2497991A-EE91-4355-864A-DB6DB9782096}.Debug|x86.ActiveCfg = Debug|Any CPU
		{2497991A-EE91-4355-864A-DB6DB9782096}.Debug|x86.Build.0 = Debug|Any CPU
		{2497991A-EE91-4355-864A-DB6DB9782096}.Release|Any CPU.ActiveCfg = Release|Any CPU
		{2497991A-EE91-4355-864A-DB6DB9782096}.Release|Any CPU.Build.0 = Release|Any CPU
		{2497991A-EE91-4355-864A-DB6DB9782096}.Release|x86.ActiveCfg = Release|Any CPU
		{2497991A-EE91-4355-864A-DB6DB9782096}.Release|x86.Build.0 = Release|Any CPU
		{66E5D99B-26AB-4FFF-834D-D96347DF4FA4}.Debug|Any CPU.ActiveCfg = Debug|Any CPU
		{66E5D99B-26AB-4FFF-834D-D96347DF4FA4}.Debug|Any CPU.Build.0 = Debug|Any CPU
		{66E5D99B-26AB-4FFF-834D-D96347DF4FA4}.Debug|x86.ActiveCfg = Debug|Any CPU
		{66E5D99B-26AB-4FFF-834D-D96347DF4FA4}.Debug|x86.Build.0 = Debug|Any CPU
		{66E5D99B-26AB-4FFF-834D-D96347DF4FA4}.Release|Any CPU.ActiveCfg = Release|Any CPU
		{66E5D99B-26AB-4FFF-834D-D96347DF4FA4}.Release|Any CPU.Build.0 = Release|Any CPU
		{66E5D99B-26AB-4FFF-834D-D96347DF4FA4}.Release|x86.ActiveCfg = Release|Any CPU
		{66E5D99B-26AB-4FFF-834D-D96347DF4FA4}.Release|x86.Build.0 = Release|Any CPU
		{5B741064-38D8-4BEE-87C0-3F8E1C0247BF}.Debug|Any CPU.ActiveCfg = Debug|Any CPU
		{5B741064-38D8-4BEE-87C0-3F8E1C0247BF}.Debug|Any CPU.Build.0 = Debug|Any CPU
		{5B741064-38D8-4BEE-87C0-3F8E1C0247BF}.Debug|x86.ActiveCfg = Debug|Any CPU
		{5B741064-38D8-4BEE-87C0-3F8E1C0247BF}.Debug|x86.Build.0 = Debug|Any CPU
		{5B741064-38D8-4BEE-87C0-3F8E1C0247BF}.Release|Any CPU.ActiveCfg = Release|Any CPU
		{5B741064-38D8-4BEE-87C0-3F8E1C0247BF}.Release|Any CPU.Build.0 = Release|Any CPU
		{5B741064-38D8-4BEE-87C0-3F8E1C0247BF}.Release|x86.ActiveCfg = Release|Any CPU
		{5B741064-38D8-4BEE-87C0-3F8E1C0247BF}.Release|x86.Build.0 = Release|Any CPU
		{0B48B56F-3A3D-4367-AA76-A356519AF2AB}.Debug|Any CPU.ActiveCfg = Debug|Any CPU
		{0B48B56F-3A3D-4367-AA76-A356519AF2AB}.Debug|Any CPU.Build.0 = Debug|Any CPU
		{0B48B56F-3A3D-4367-AA76-A356519AF2AB}.Debug|x86.ActiveCfg = Debug|Any CPU
		{0B48B56F-3A3D-4367-AA76-A356519AF2AB}.Debug|x86.Build.0 = Debug|Any CPU
		{0B48B56F-3A3D-4367-AA76-A356519AF2AB}.Release|Any CPU.ActiveCfg = Release|Any CPU
		{0B48B56F-3A3D-4367-AA76-A356519AF2AB}.Release|Any CPU.Build.0 = Release|Any CPU
		{0B48B56F-3A3D-4367-AA76-A356519AF2AB}.Release|x86.ActiveCfg = Release|Any CPU
		{0B48B56F-3A3D-4367-AA76-A356519AF2AB}.Release|x86.Build.0 = Release|Any CPU
		{4DE3C160-E2E4-4491-A4CB-1B5DC26D2EFC}.Debug|Any CPU.ActiveCfg = Debug|Any CPU
		{4DE3C160-E2E4-4491-A4CB-1B5DC26D2EFC}.Debug|Any CPU.Build.0 = Debug|Any CPU
		{4DE3C160-E2E4-4491-A4CB-1B5DC26D2EFC}.Debug|x86.ActiveCfg = Debug|Any CPU
		{4DE3C160-E2E4-4491-A4CB-1B5DC26D2EFC}.Debug|x86.Build.0 = Debug|Any CPU
		{4DE3C160-E2E4-4491-A4CB-1B5DC26D2EFC}.Release|Any CPU.ActiveCfg = Release|Any CPU
		{4DE3C160-E2E4-4491-A4CB-1B5DC26D2EFC}.Release|Any CPU.Build.0 = Release|Any CPU
		{4DE3C160-E2E4-4491-A4CB-1B5DC26D2EFC}.Release|x86.ActiveCfg = Release|Any CPU
		{4DE3C160-E2E4-4491-A4CB-1B5DC26D2EFC}.Release|x86.Build.0 = Release|Any CPU
		{01CBBA9E-0D4D-439F-9147-6A5685884A65}.Debug|Any CPU.ActiveCfg = Debug|Any CPU
		{01CBBA9E-0D4D-439F-9147-6A5685884A65}.Debug|Any CPU.Build.0 = Debug|Any CPU
		{01CBBA9E-0D4D-439F-9147-6A5685884A65}.Debug|x86.ActiveCfg = Debug|Any CPU
		{01CBBA9E-0D4D-439F-9147-6A5685884A65}.Debug|x86.Build.0 = Debug|Any CPU
		{01CBBA9E-0D4D-439F-9147-6A5685884A65}.Release|Any CPU.ActiveCfg = Release|Any CPU
		{01CBBA9E-0D4D-439F-9147-6A5685884A65}.Release|Any CPU.Build.0 = Release|Any CPU
		{01CBBA9E-0D4D-439F-9147-6A5685884A65}.Release|x86.ActiveCfg = Release|Any CPU
		{01CBBA9E-0D4D-439F-9147-6A5685884A65}.Release|x86.Build.0 = Release|Any CPU
		{7E4B0861-83ED-4D12-BE27-93C9053C88CA}.Debug|Any CPU.ActiveCfg = Debug|Any CPU
		{7E4B0861-83ED-4D12-BE27-93C9053C88CA}.Debug|Any CPU.Build.0 = Debug|Any CPU
		{7E4B0861-83ED-4D12-BE27-93C9053C88CA}.Debug|x86.ActiveCfg = Debug|Any CPU
		{7E4B0861-83ED-4D12-BE27-93C9053C88CA}.Debug|x86.Build.0 = Debug|Any CPU
		{7E4B0861-83ED-4D12-BE27-93C9053C88CA}.Release|Any CPU.ActiveCfg = Release|Any CPU
		{7E4B0861-83ED-4D12-BE27-93C9053C88CA}.Release|Any CPU.Build.0 = Release|Any CPU
		{7E4B0861-83ED-4D12-BE27-93C9053C88CA}.Release|x86.ActiveCfg = Release|Any CPU
		{7E4B0861-83ED-4D12-BE27-93C9053C88CA}.Release|x86.Build.0 = Release|Any CPU
		{E9137523-483C-44D6-BE53-ADAACEFBBF5F}.Debug|Any CPU.ActiveCfg = Debug|Any CPU
		{E9137523-483C-44D6-BE53-ADAACEFBBF5F}.Debug|Any CPU.Build.0 = Debug|Any CPU
		{E9137523-483C-44D6-BE53-ADAACEFBBF5F}.Debug|x86.ActiveCfg = Debug|x86
		{E9137523-483C-44D6-BE53-ADAACEFBBF5F}.Debug|x86.Build.0 = Debug|x86
		{E9137523-483C-44D6-BE53-ADAACEFBBF5F}.Release|Any CPU.ActiveCfg = Release|Any CPU
		{E9137523-483C-44D6-BE53-ADAACEFBBF5F}.Release|Any CPU.Build.0 = Release|Any CPU
		{E9137523-483C-44D6-BE53-ADAACEFBBF5F}.Release|x86.ActiveCfg = Release|x86
		{E9137523-483C-44D6-BE53-ADAACEFBBF5F}.Release|x86.Build.0 = Release|x86
		{F997B55F-C442-4224-A573-AE39F72BEB4A}.Debug|Any CPU.ActiveCfg = Debug|Any CPU
		{F997B55F-C442-4224-A573-AE39F72BEB4A}.Debug|Any CPU.Build.0 = Debug|Any CPU
		{F997B55F-C442-4224-A573-AE39F72BEB4A}.Debug|x86.ActiveCfg = Debug|Any CPU
		{F997B55F-C442-4224-A573-AE39F72BEB4A}.Debug|x86.Build.0 = Debug|Any CPU
		{F997B55F-C442-4224-A573-AE39F72BEB4A}.Release|Any CPU.ActiveCfg = Release|Any CPU
		{F997B55F-C442-4224-A573-AE39F72BEB4A}.Release|Any CPU.Build.0 = Release|Any CPU
		{F997B55F-C442-4224-A573-AE39F72BEB4A}.Release|x86.ActiveCfg = Release|Any CPU
		{F997B55F-C442-4224-A573-AE39F72BEB4A}.Release|x86.Build.0 = Release|Any CPU
		{6608D0F5-E149-4C21-841A-C53FA6D59B05}.Debug|Any CPU.ActiveCfg = Debug|Any CPU
		{6608D0F5-E149-4C21-841A-C53FA6D59B05}.Debug|Any CPU.Build.0 = Debug|Any CPU
		{6608D0F5-E149-4C21-841A-C53FA6D59B05}.Debug|x86.ActiveCfg = Debug|Any CPU
		{6608D0F5-E149-4C21-841A-C53FA6D59B05}.Debug|x86.Build.0 = Debug|Any CPU
		{6608D0F5-E149-4C21-841A-C53FA6D59B05}.Release|Any CPU.ActiveCfg = Release|Any CPU
		{6608D0F5-E149-4C21-841A-C53FA6D59B05}.Release|Any CPU.Build.0 = Release|Any CPU
		{6608D0F5-E149-4C21-841A-C53FA6D59B05}.Release|x86.ActiveCfg = Release|Any CPU
		{6608D0F5-E149-4C21-841A-C53FA6D59B05}.Release|x86.Build.0 = Release|Any CPU
		{1B83E290-F24A-459A-BDB1-6041EB4AA8A2}.Debug|Any CPU.ActiveCfg = Debug|x64
		{1B83E290-F24A-459A-BDB1-6041EB4AA8A2}.Debug|Any CPU.Build.0 = Debug|x64
		{1B83E290-F24A-459A-BDB1-6041EB4AA8A2}.Debug|x86.ActiveCfg = Debug|x86
		{1B83E290-F24A-459A-BDB1-6041EB4AA8A2}.Debug|x86.Build.0 = Debug|x86
		{1B83E290-F24A-459A-BDB1-6041EB4AA8A2}.Release|Any CPU.ActiveCfg = Release|x64
		{1B83E290-F24A-459A-BDB1-6041EB4AA8A2}.Release|Any CPU.Build.0 = Release|x64
		{1B83E290-F24A-459A-BDB1-6041EB4AA8A2}.Release|x86.ActiveCfg = Release|x86
		{1B83E290-F24A-459A-BDB1-6041EB4AA8A2}.Release|x86.Build.0 = Release|x86
		{7A1D3AB3-A9A8-45B0-9452-A0DDEA004E2B}.Debug|Any CPU.ActiveCfg = Debug|Any CPU
		{7A1D3AB3-A9A8-45B0-9452-A0DDEA004E2B}.Debug|Any CPU.Build.0 = Debug|Any CPU
		{7A1D3AB3-A9A8-45B0-9452-A0DDEA004E2B}.Debug|x86.ActiveCfg = Debug|Any CPU
		{7A1D3AB3-A9A8-45B0-9452-A0DDEA004E2B}.Debug|x86.Build.0 = Debug|Any CPU
		{7A1D3AB3-A9A8-45B0-9452-A0DDEA004E2B}.Release|Any CPU.ActiveCfg = Release|Any CPU
		{7A1D3AB3-A9A8-45B0-9452-A0DDEA004E2B}.Release|Any CPU.Build.0 = Release|Any CPU
		{7A1D3AB3-A9A8-45B0-9452-A0DDEA004E2B}.Release|x86.ActiveCfg = Release|Any CPU
		{7A1D3AB3-A9A8-45B0-9452-A0DDEA004E2B}.Release|x86.Build.0 = Release|Any CPU
		{D51693C1-F9F6-425D-8CD6-8DFBF5A52F6F}.Debug|Any CPU.ActiveCfg = Debug|Any CPU
		{D51693C1-F9F6-425D-8CD6-8DFBF5A52F6F}.Debug|Any CPU.Build.0 = Debug|Any CPU
		{D51693C1-F9F6-425D-8CD6-8DFBF5A52F6F}.Debug|x86.ActiveCfg = Debug|Any CPU
		{D51693C1-F9F6-425D-8CD6-8DFBF5A52F6F}.Debug|x86.Build.0 = Debug|Any CPU
		{D51693C1-F9F6-425D-8CD6-8DFBF5A52F6F}.Release|Any CPU.ActiveCfg = Release|Any CPU
		{D51693C1-F9F6-425D-8CD6-8DFBF5A52F6F}.Release|Any CPU.Build.0 = Release|Any CPU
		{D51693C1-F9F6-425D-8CD6-8DFBF5A52F6F}.Release|x86.ActiveCfg = Release|Any CPU
		{D51693C1-F9F6-425D-8CD6-8DFBF5A52F6F}.Release|x86.Build.0 = Release|Any CPU
		{F7D731C0-8A36-4B2C-A8C0-AFEB81FA8DD1}.Debug|Any CPU.ActiveCfg = Debug|Any CPU
		{F7D731C0-8A36-4B2C-A8C0-AFEB81FA8DD1}.Debug|Any CPU.Build.0 = Debug|Any CPU
		{F7D731C0-8A36-4B2C-A8C0-AFEB81FA8DD1}.Debug|x86.ActiveCfg = Debug|Any CPU
		{F7D731C0-8A36-4B2C-A8C0-AFEB81FA8DD1}.Debug|x86.Build.0 = Debug|Any CPU
		{F7D731C0-8A36-4B2C-A8C0-AFEB81FA8DD1}.Release|Any CPU.ActiveCfg = Release|Any CPU
		{F7D731C0-8A36-4B2C-A8C0-AFEB81FA8DD1}.Release|Any CPU.Build.0 = Release|Any CPU
		{F7D731C0-8A36-4B2C-A8C0-AFEB81FA8DD1}.Release|x86.ActiveCfg = Release|Any CPU
		{F7D731C0-8A36-4B2C-A8C0-AFEB81FA8DD1}.Release|x86.Build.0 = Release|Any CPU
		{5F00BBDF-0E58-4547-90F0-E5E8BC2512EE}.Debug|Any CPU.ActiveCfg = Debug|Any CPU
		{5F00BBDF-0E58-4547-90F0-E5E8BC2512EE}.Debug|Any CPU.Build.0 = Debug|Any CPU
		{5F00BBDF-0E58-4547-90F0-E5E8BC2512EE}.Debug|x86.ActiveCfg = Debug|Any CPU
		{5F00BBDF-0E58-4547-90F0-E5E8BC2512EE}.Debug|x86.Build.0 = Debug|Any CPU
		{5F00BBDF-0E58-4547-90F0-E5E8BC2512EE}.Release|Any CPU.ActiveCfg = Release|Any CPU
		{5F00BBDF-0E58-4547-90F0-E5E8BC2512EE}.Release|Any CPU.Build.0 = Release|Any CPU
		{5F00BBDF-0E58-4547-90F0-E5E8BC2512EE}.Release|x86.ActiveCfg = Release|Any CPU
		{5F00BBDF-0E58-4547-90F0-E5E8BC2512EE}.Release|x86.Build.0 = Release|Any CPU
		{D360621D-D792-403B-A625-06A707A89D22}.Debug|Any CPU.ActiveCfg = Debug|Any CPU
		{D360621D-D792-403B-A625-06A707A89D22}.Debug|Any CPU.Build.0 = Debug|Any CPU
		{D360621D-D792-403B-A625-06A707A89D22}.Debug|x86.ActiveCfg = Debug|Any CPU
		{D360621D-D792-403B-A625-06A707A89D22}.Debug|x86.Build.0 = Debug|Any CPU
		{D360621D-D792-403B-A625-06A707A89D22}.Release|Any CPU.ActiveCfg = Release|Any CPU
		{D360621D-D792-403B-A625-06A707A89D22}.Release|Any CPU.Build.0 = Release|Any CPU
		{D360621D-D792-403B-A625-06A707A89D22}.Release|x86.ActiveCfg = Release|Any CPU
		{D360621D-D792-403B-A625-06A707A89D22}.Release|x86.Build.0 = Release|Any CPU
		{F67C25EA-4840-4B16-BAD0-C8E53C16D7BB}.Debug|Any CPU.ActiveCfg = Debug|Any CPU
		{F67C25EA-4840-4B16-BAD0-C8E53C16D7BB}.Debug|Any CPU.Build.0 = Debug|Any CPU
		{F67C25EA-4840-4B16-BAD0-C8E53C16D7BB}.Debug|x86.ActiveCfg = Debug|Any CPU
		{F67C25EA-4840-4B16-BAD0-C8E53C16D7BB}.Debug|x86.Build.0 = Debug|Any CPU
		{F67C25EA-4840-4B16-BAD0-C8E53C16D7BB}.Release|Any CPU.ActiveCfg = Release|Any CPU
		{F67C25EA-4840-4B16-BAD0-C8E53C16D7BB}.Release|Any CPU.Build.0 = Release|Any CPU
		{F67C25EA-4840-4B16-BAD0-C8E53C16D7BB}.Release|x86.ActiveCfg = Release|Any CPU
		{F67C25EA-4840-4B16-BAD0-C8E53C16D7BB}.Release|x86.Build.0 = Release|Any CPU
		{391D98C4-0FF9-4ED0-9186-C6000BB472AC}.Debug|Any CPU.ActiveCfg = Debug|Any CPU
		{391D98C4-0FF9-4ED0-9186-C6000BB472AC}.Debug|Any CPU.Build.0 = Debug|Any CPU
		{391D98C4-0FF9-4ED0-9186-C6000BB472AC}.Debug|x86.ActiveCfg = Debug|Any CPU
		{391D98C4-0FF9-4ED0-9186-C6000BB472AC}.Debug|x86.Build.0 = Debug|Any CPU
		{391D98C4-0FF9-4ED0-9186-C6000BB472AC}.Release|Any CPU.ActiveCfg = Release|Any CPU
		{391D98C4-0FF9-4ED0-9186-C6000BB472AC}.Release|Any CPU.Build.0 = Release|Any CPU
		{391D98C4-0FF9-4ED0-9186-C6000BB472AC}.Release|x86.ActiveCfg = Release|Any CPU
		{391D98C4-0FF9-4ED0-9186-C6000BB472AC}.Release|x86.Build.0 = Release|Any CPU
		{53E0297E-F959-4D5D-B1CB-33D3A1D96623}.Debug|Any CPU.ActiveCfg = Debug|Any CPU
		{53E0297E-F959-4D5D-B1CB-33D3A1D96623}.Debug|Any CPU.Build.0 = Debug|Any CPU
		{53E0297E-F959-4D5D-B1CB-33D3A1D96623}.Debug|x86.ActiveCfg = Debug|Any CPU
		{53E0297E-F959-4D5D-B1CB-33D3A1D96623}.Debug|x86.Build.0 = Debug|Any CPU
		{53E0297E-F959-4D5D-B1CB-33D3A1D96623}.Release|Any CPU.ActiveCfg = Release|Any CPU
		{53E0297E-F959-4D5D-B1CB-33D3A1D96623}.Release|Any CPU.Build.0 = Release|Any CPU
		{53E0297E-F959-4D5D-B1CB-33D3A1D96623}.Release|x86.ActiveCfg = Release|Any CPU
		{53E0297E-F959-4D5D-B1CB-33D3A1D96623}.Release|x86.Build.0 = Release|Any CPU
		{F931824E-C6AC-4E8E-B30B-F903C23600F5}.Debug|Any CPU.ActiveCfg = Debug|Any CPU
		{F931824E-C6AC-4E8E-B30B-F903C23600F5}.Debug|Any CPU.Build.0 = Debug|Any CPU
		{F931824E-C6AC-4E8E-B30B-F903C23600F5}.Debug|x86.ActiveCfg = Debug|Any CPU
		{F931824E-C6AC-4E8E-B30B-F903C23600F5}.Debug|x86.Build.0 = Debug|Any CPU
		{F931824E-C6AC-4E8E-B30B-F903C23600F5}.Release|Any CPU.ActiveCfg = Release|Any CPU
		{F931824E-C6AC-4E8E-B30B-F903C23600F5}.Release|Any CPU.Build.0 = Release|Any CPU
		{F931824E-C6AC-4E8E-B30B-F903C23600F5}.Release|x86.ActiveCfg = Release|Any CPU
		{F931824E-C6AC-4E8E-B30B-F903C23600F5}.Release|x86.Build.0 = Release|Any CPU
		{1AD58439-D8F3-49B8-95F6-3FCD561398A6}.Debug|Any CPU.ActiveCfg = Debug|Any CPU
		{1AD58439-D8F3-49B8-95F6-3FCD561398A6}.Debug|Any CPU.Build.0 = Debug|Any CPU
		{1AD58439-D8F3-49B8-95F6-3FCD561398A6}.Debug|x86.ActiveCfg = Debug|Any CPU
		{1AD58439-D8F3-49B8-95F6-3FCD561398A6}.Debug|x86.Build.0 = Debug|Any CPU
		{1AD58439-D8F3-49B8-95F6-3FCD561398A6}.Release|Any CPU.ActiveCfg = Release|Any CPU
		{1AD58439-D8F3-49B8-95F6-3FCD561398A6}.Release|Any CPU.Build.0 = Release|Any CPU
		{1AD58439-D8F3-49B8-95F6-3FCD561398A6}.Release|x86.ActiveCfg = Release|Any CPU
		{1AD58439-D8F3-49B8-95F6-3FCD561398A6}.Release|x86.Build.0 = Release|Any CPU
		{61704E1C-E13D-45E2-8388-BD3D1F8A1AF5}.Debug|Any CPU.ActiveCfg = Debug|Any CPU
		{61704E1C-E13D-45E2-8388-BD3D1F8A1AF5}.Debug|Any CPU.Build.0 = Debug|Any CPU
		{61704E1C-E13D-45E2-8388-BD3D1F8A1AF5}.Debug|x86.ActiveCfg = Debug|Any CPU
		{61704E1C-E13D-45E2-8388-BD3D1F8A1AF5}.Debug|x86.Build.0 = Debug|Any CPU
		{61704E1C-E13D-45E2-8388-BD3D1F8A1AF5}.Release|Any CPU.ActiveCfg = Release|Any CPU
		{61704E1C-E13D-45E2-8388-BD3D1F8A1AF5}.Release|Any CPU.Build.0 = Release|Any CPU
		{61704E1C-E13D-45E2-8388-BD3D1F8A1AF5}.Release|x86.ActiveCfg = Release|Any CPU
		{61704E1C-E13D-45E2-8388-BD3D1F8A1AF5}.Release|x86.Build.0 = Release|Any CPU
		{EAB868E4-D8FD-4AB4-9EDA-A9291E7CFEAB}.Debug|Any CPU.ActiveCfg = Debug|Any CPU
		{EAB868E4-D8FD-4AB4-9EDA-A9291E7CFEAB}.Debug|Any CPU.Build.0 = Debug|Any CPU
		{EAB868E4-D8FD-4AB4-9EDA-A9291E7CFEAB}.Debug|x86.ActiveCfg = Debug|Any CPU
		{EAB868E4-D8FD-4AB4-9EDA-A9291E7CFEAB}.Debug|x86.Build.0 = Debug|Any CPU
		{EAB868E4-D8FD-4AB4-9EDA-A9291E7CFEAB}.Release|Any CPU.ActiveCfg = Release|Any CPU
		{EAB868E4-D8FD-4AB4-9EDA-A9291E7CFEAB}.Release|Any CPU.Build.0 = Release|Any CPU
		{EAB868E4-D8FD-4AB4-9EDA-A9291E7CFEAB}.Release|x86.ActiveCfg = Release|Any CPU
		{EAB868E4-D8FD-4AB4-9EDA-A9291E7CFEAB}.Release|x86.Build.0 = Release|Any CPU
		{413917C0-7EB3-4D86-8448-0A3CA70C2ED4}.Debug|Any CPU.ActiveCfg = Debug|Any CPU
		{413917C0-7EB3-4D86-8448-0A3CA70C2ED4}.Debug|Any CPU.Build.0 = Debug|Any CPU
		{413917C0-7EB3-4D86-8448-0A3CA70C2ED4}.Debug|x86.ActiveCfg = Debug|Any CPU
		{413917C0-7EB3-4D86-8448-0A3CA70C2ED4}.Debug|x86.Build.0 = Debug|Any CPU
		{413917C0-7EB3-4D86-8448-0A3CA70C2ED4}.Release|Any CPU.ActiveCfg = Release|Any CPU
		{413917C0-7EB3-4D86-8448-0A3CA70C2ED4}.Release|Any CPU.Build.0 = Release|Any CPU
		{413917C0-7EB3-4D86-8448-0A3CA70C2ED4}.Release|x86.ActiveCfg = Release|Any CPU
		{413917C0-7EB3-4D86-8448-0A3CA70C2ED4}.Release|x86.Build.0 = Release|Any CPU
		{FE90B848-F449-47FE-8F3F-FF4C6A3BFF22}.Debug|Any CPU.ActiveCfg = Debug|Any CPU
		{FE90B848-F449-47FE-8F3F-FF4C6A3BFF22}.Debug|Any CPU.Build.0 = Debug|Any CPU
		{FE90B848-F449-47FE-8F3F-FF4C6A3BFF22}.Debug|x86.ActiveCfg = Debug|Any CPU
		{FE90B848-F449-47FE-8F3F-FF4C6A3BFF22}.Debug|x86.Build.0 = Debug|Any CPU
		{FE90B848-F449-47FE-8F3F-FF4C6A3BFF22}.Release|Any CPU.ActiveCfg = Release|Any CPU
		{FE90B848-F449-47FE-8F3F-FF4C6A3BFF22}.Release|Any CPU.Build.0 = Release|Any CPU
		{FE90B848-F449-47FE-8F3F-FF4C6A3BFF22}.Release|x86.ActiveCfg = Release|Any CPU
		{FE90B848-F449-47FE-8F3F-FF4C6A3BFF22}.Release|x86.Build.0 = Release|Any CPU
	EndGlobalSection
	GlobalSection(SolutionProperties) = preSolution
		HideSolutionNode = FALSE
	EndGlobalSection
	GlobalSection(ExtensibilityGlobals) = postSolution
		SolutionGuid = {C6B4D725-3081-4767-ABAB-959C058633C0}
	EndGlobalSection
EndGlobal
